
Microsoft Visual Studio Solution File, Format Version 12.00
# Visual Studio Version 17
VisualStudioVersion = 17.10.35201.131
MinimumVisualStudioVersion = 10.0.40219.1
Project("{FAE04EC0-301F-11D3-BF4B-00C04F79EFBC}") = "C#_EF_S_01_Demo", "C#_EF_S_01_Demo\C#_EF_S_01_Demo.csproj", "{440C2557-F9EA-48AC-A7EF-BE33AF799390}"
EndProject
Global
	GlobalSection(SolutionConfigurationPlatforms) = preSolution
		Debug|Any CPU = Debug|Any CPU
		Release|Any CPU = Release|Any CPU
	EndGlobalSection
	GlobalSection(ProjectConfigurationPlatforms) = postSolution
		{440C2557-F9EA-48AC-A7EF-BE33AF799390}.Debug|Any CPU.ActiveCfg = Debug|Any CPU
		{440C2557-F9EA-48AC-A7EF-BE33AF799390}.Debug|Any CPU.Build.0 = Debug|Any CPU
		{440C2557-F9EA-48AC-A7EF-BE33AF799390}.Release|Any CPU.ActiveCfg = Release|Any CPU
		{440C2557-F9EA-48AC-A7EF-BE33AF799390}.Release|Any CPU.Build.0 = Release|Any CPU
	EndGlobalSection
	GlobalSection(SolutionProperties) = preSolution
		HideSolutionNode = FALSE
	EndGlobalSection
	GlobalSection(ExtensibilityGlobals) = postSolution
		SolutionGuid = {8FE9AFAE-EC55-4EE3-A5E2-2EC667651202}
	EndGlobalSection
EndGlobal
